<?xml version="1.0" encoding="UTF-8" standalone="yes" ?>
<CodeBlocks_project_file>
	<FileVersion major="1" minor="6" />
	<Project>
		<Option title="Assignment_4" />
		<Option pch_mode="2" />
		<Option compiler="gcc" />
		<Build>
			<Target title="Debug">
				<Option output="bin/Debug/Assignment_4" prefix_auto="1" extension_auto="1" />
				<Option object_output="obj/Debug/" />
				<Option type="1" />
				<Option compiler="gcc" />
				<Compiler>
					<Add option="-g" />
				</Compiler>
			</Target>
			<Target title="Release">
				<Option output="bin/Release/Assignment_4" prefix_auto="1" extension_auto="1" />
				<Option object_output="obj/Release/" />
				<Option type="1" />
				<Option compiler="gcc" />
				<Compiler>
					<Add option="-O2" />
				</Compiler>
				<Linker>
					<Add option="-s" />
				</Linker>
			</Target>
		</Build>
		<Compiler>
			<Add option="-Wall" />
		</Compiler>
		<Unit filename="Course.cpp" />
		<Unit filename="Course.h" />
		<Unit filename="CourseRegistration.cpp" />
		<Unit filename="CourseRegistration.h" />
		<Unit filename="CourseSchedule.cpp" />
		<Unit filename="CourseSchedule.h" />
		<Unit filename="DatabaseManager.cpp" />
		<Unit filename="DatabaseManager.h" />
		<Unit filename="Grade.cpp" />
		<Unit filename="Grade.h" />
		<Unit filename="GraduateStudent.cpp" />
		<Unit filename="GraduateStudent.h" />
		<Unit filename="Log.cpp" />
		<Unit filename="Log.h" />
		<Unit filename="Student.cpp" />
		<Unit filename="Student.h" />
		<Unit filename="Time.cpp" />
		<Unit filename="Time.h" />
		<Unit filename="UndergraduateStudent.cpp" />
		<Unit filename="UndergraduateStudent.h" />
		<Unit filename="main.cpp" />
		<Extensions>
			<code_completion />
			<envvars />
			<debugger />
			<lib_finder disable_auto="1" />
		</Extensions>
	</Project>
</CodeBlocks_project_file>
